{
  "requires": true,
  "lockfileVersion": 1,
  "dependencies": {
    "graphql": {
      "version": "14.0.2",
      "resolved": "http://registry.npm.taobao.org/graphql/download/graphql-14.0.2.tgz",
      "integrity": "sha1-fd7TN6TD/S0HVpIyM4QDSzV/VlA=",
      "requires": {
        "iterall": "^1.2.2"
      }
    },
    "iterall": {
      "version": "1.2.2",
      "resolved": "http://registry.npm.taobao.org/iterall/download/iterall-1.2.2.tgz",
      "integrity": "sha1-ktcN64Ao4MOf8xZP2/TYsIgTDNc="
    }
  }
}
